Microsoft Visual Studio Solution File, Format Version 12.00
# Visual Studio Version 17
VisualStudioVersion = 17.5.2.0
MinimumVisualStudioVersion = 10.0.40219.1
Project("{FAE04EC0-301F-11D3-BF4B-00C04F79EFBC}") = "API-Adm Festa Junina", "API-Adm Festa Junina.csproj", "{3AF7951E-BD23-2311-8645-C170E86ACAC8}"
EndProject
Global
	GlobalSection(SolutionConfigurationPlatforms) = preSolution
		Debug|Any CPU = Debug|Any CPU
		Release|Any CPU = Release|Any CPU
	EndGlobalSection
	GlobalSection(ProjectConfigurationPlatforms) = postSolution
		{3AF7951E-BD23-2311-8645-C170E86ACAC8}.Debug|Any CPU.ActiveCfg = Debug|Any CPU
		{3AF7951E-BD23-2311-8645-C170E86ACAC8}.Debug|Any CPU.Build.0 = Debug|Any CPU
		{3AF7951E-BD23-2311-8645-C170E86ACAC8}.Release|Any CPU.ActiveCfg = Release|Any CPU
		{3AF7951E-BD23-2311-8645-C170E86ACAC8}.Release|Any CPU.Build.0 = Release|Any CPU
	EndGlobalSection
	GlobalSection(SolutionProperties) = preSolution
		HideSolutionNode = FALSE
	EndGlobalSection
	GlobalSection(ExtensibilityGlobals) = postSolution
		SolutionGuid = {E59EB922-ED3F-48E9-A635-A640D26D07CE}
	EndGlobalSection
EndGlobal
